{"is_source_file": false, "format": "", "description": "", "external_files": [], "external_methods": [], "published": [], "classes": [], "methods": [], "calls": [], "search-terms": [], "state": 2, "file_id": 57, "knowledge_revision": 152, "git_revision": "4f3291ab3c4abc6e039be455c3943ddfefd29991", "hash": "e9b4c3b42cef0193b7fddb548d37e652", "format-version": 4, "code-base-name": "default", "filename": "radianceai_frontend/post_process_status.lock", "revision_history": [{"152": "4f3291ab3c4abc6e039be455c3943ddfefd29991"}]}